{
    "_readme": [
        "This file locks the dependencies of your project to a known state",
        "Read more about it at http://getcomposer.org/doc/01-basic-usage.md#composer-lock-the-lock-file",
        "This file is @generated automatically"
    ],
    "hash": "02f20596684b368e080b718924863112",
    "packages": [
        {
            "name": "erusev/parsedown",
            "version": "1.0.1",
            "source": {
                "type": "git",
                "url": "https://github.com/erusev/parsedown.git",
                "reference": "d24439ada0704948deef0d3eda2ea20fd8db1747"
            },
            "dist": {
                "type": "zip",
                "url": "https://api.github.com/repos/erusev/parsedown/zipball/d24439ada0704948deef0d3eda2ea20fd8db1747",
                "reference": "d24439ada0704948deef0d3eda2ea20fd8db1747",
                "shasum": ""
            },
            "type": "library",
            "autoload": {
                "psr-0": {
                    "Parsedown": ""
                }
            },
            "notification-url": "https://packagist.org/downloads/",
            "license": [
                "MIT"
            ],
            "authors": [
                {
                    "name": "Emanuil Rusev",
                    "email": "hello@erusev.com",
                    "homepage": "http://erusev.com"
                }
            ],
            "description": "Parser for Markdown.",
            "homepage": "http://parsedown.org",
            "keywords": [
                "markdown",
                "parser"
            ],
            "time": "2014-05-21 20:20:46"
        },
        {
            "name": "erusev/parsedown-extra",
            "version": "0.1.0",
            "source": {
                "type": "git",
                "url": "https://github.com/erusev/parsedown-extra.git",
                "reference": "bcd3930f7f10915e40513e1951a253f061d75463"
            },
            "dist": {
                "type": "zip",
                "url": "https://api.github.com/repos/erusev/parsedown-extra/zipball/bcd3930f7f10915e40513e1951a253f061d75463",
                "reference": "bcd3930f7f10915e40513e1951a253f061d75463",
                "shasum": ""
            },
            "require": {
                "erusev/parsedown": "~1.0"
            },
            "type": "library",
            "autoload": {
                "psr-0": {
                    "ParsedownExtra": ""
                }
            },
            "notification-url": "https://packagist.org/downloads/",
            "license": [
                "MIT"
            ],
            "authors": [
                {
                    "name": "Emanuil Rusev",
                    "email": "hello@erusev.com",
                    "homepage": "http://erusev.com"
                }
            ],
            "description": "An extension of Parsedown that adds support for Markdown Extra.",
            "homepage": "https://github.com/erusev/parsedown-extra",
            "keywords": [
                "markdown",
                "markdown extra",
                "parsedown",
                "parser"
            ],
            "time": "2014-06-18 23:58:16"
        },
        {
            "name": "radium/framework",
            "version": "dev-master",
            "source": {
                "type": "git",
                "url": "https://github.com/nirix/radium.git",
                "reference": "5f7ee48b13e7c374bbd6435bc3862e2ca2642e67"
            },
            "dist": {
                "type": "zip",
                "url": "https://api.github.com/repos/nirix/radium/zipball/5f7ee48b13e7c374bbd6435bc3862e2ca2642e67",
                "reference": "5f7ee48b13e7c374bbd6435bc3862e2ca2642e67",
                "shasum": ""
            },
            "require": {
                "php": ">=5.4.0"
            },
            "suggest": {
                "radium/schema-builder": "Easily manage database schema."
            },
            "type": "library",
            "autoload": {
                "psr-4": {
                    "Radium\\": "src/"
                }
            },
            "notification-url": "https://packagist.org/downloads/",
            "license": [
                "Apache-2.0"
            ],
            "authors": [
                {
                    "name": "Jack Polgar",
                    "email": "jack@polgar.id.au"
                }
            ],
            "description": "The Radium framework.",
            "keywords": [
                "framework",
                "radium"
            ],
            "time": "2014-10-28 09:41:19"
        },
        {
            "name": "radium/schema-builder",
            "version": "dev-master",
            "source": {
                "type": "git",
                "url": "https://github.com/radiumphp/schema-builder.git",
                "reference": "c2728b805dcecb13530d2420154ac23d45713ad5"
            },
            "dist": {
                "type": "zip",
                "url": "https://api.github.com/repos/radiumphp/schema-builder/zipball/c2728b805dcecb13530d2420154ac23d45713ad5",
                "reference": "c2728b805dcecb13530d2420154ac23d45713ad5",
                "shasum": ""
            },
            "require": {
                "php": ">=5.3.0",
                "radium/framework": "dev-master"
            },
            "type": "library",
            "autoload": {
                "psr-4": {
                    "Radium\\Database\\": "src/Database/"
                }
            },
            "notification-url": "https://packagist.org/downloads/",
            "license": [
                "Apache-2.0"
            ],
            "authors": [
                {
                    "name": "Jack Polgar",
                    "email": "jack@polgar.id.au"
                }
            ],
            "description": "Schema builder for Radium.",
            "keywords": [
                "builder",
                "framework",
                "migration",
                "radium",
                "schema"
            ],
            "time": "2014-08-18 07:32:21"
        },
        {
            "name": "radium/twig-templating",
            "version": "dev-master",
            "source": {
                "type": "git",
                "url": "https://github.com/radiumphp/twig-templating.git",
                "reference": "2303f3db958664da552d88cca4b7a134b697c9f4"
            },
            "dist": {
                "type": "zip",
                "url": "https://api.github.com/repos/radiumphp/twig-templating/zipball/2303f3db958664da552d88cca4b7a134b697c9f4",
                "reference": "2303f3db958664da552d88cca4b7a134b697c9f4",
                "shasum": ""
            },
            "require": {
                "twig/twig": "1.16.*"
            },
            "type": "library",
            "autoload": {
                "psr-4": {
                    "Radium\\Templating\\": "src/"
                }
            },
            "notification-url": "https://packagist.org/downloads/",
            "license": [
                "Apache-2.0"
            ],
            "authors": [
                {
                    "name": "Jack Polgar",
                    "email": "jack@polgar.id.au"
                }
            ],
            "description": "Adds support for Twig template rendering.",
            "keywords": [
                "radium",
                "templating",
                "twig"
            ],
            "time": "2014-10-28 09:16:57"
        },
        {
            "name": "traq/markdown-plugin",
            "version": "v2.0",
            "source": {
                "type": "git",
                "url": "https://github.com/traq/markdown-plugin.git",
                "reference": "1c9bff2dd5ceb3c9f97061323b586891d1d9fd31"
            },
            "dist": {
                "type": "zip",
                "url": "https://api.github.com/repos/traq/markdown-plugin/zipball/1c9bff2dd5ceb3c9f97061323b586891d1d9fd31",
                "reference": "1c9bff2dd5ceb3c9f97061323b586891d1d9fd31",
                "shasum": ""
            },
            "require": {
                "erusev/parsedown": "1.0.*",
                "erusev/parsedown-extra": "0.1.*"
            },
            "type": "library",
            "notification-url": "https://packagist.org/downloads/",
            "authors": [
                {
                    "name": "Jack Polgar",
                    "email": "jack@polgar.id.au"
                }
            ],
            "description": "Allows the use of Markdown formatting in Traq",
            "keywords": [
                "markdown",
                "plugin",
                "traq"
            ],
            "time": "2014-08-25 18:14:33"
        },
        {
            "name": "twig/twig",
            "version": "v1.16.2",
            "source": {
                "type": "git",
                "url": "https://github.com/fabpot/Twig.git",
                "reference": "42f758d9fe2146d1f0470604fc05ee43580873fc"
            },
            "dist": {
                "type": "zip",
                "url": "https://api.github.com/repos/fabpot/Twig/zipball/42f758d9fe2146d1f0470604fc05ee43580873fc",
                "reference": "42f758d9fe2146d1f0470604fc05ee43580873fc",
                "shasum": ""
            },
            "require": {
                "php": ">=5.2.4"
            },
            "type": "library",
            "extra": {
                "branch-alias": {
                    "dev-master": "1.16-dev"
                }
            },
            "autoload": {
                "psr-0": {
                    "Twig_": "lib/"
                }
            },
            "notification-url": "https://packagist.org/downloads/",
            "license": [
                "BSD-3-Clause"
            ],
            "authors": [
                {
                    "name": "Fabien Potencier",
                    "email": "fabien@symfony.com",
                    "homepage": "http://fabien.potencier.org",
                    "role": "Lead Developer"
                },
                {
                    "name": "Armin Ronacher",
                    "email": "armin.ronacher@active-4.com",
                    "role": "Project Founder"
                },
                {
                    "name": "Twig Team",
                    "homepage": "https://github.com/fabpot/Twig/graphs/contributors",
                    "role": "Contributors"
                }
            ],
            "description": "Twig, the flexible, fast, and secure template language for PHP",
            "homepage": "http://twig.sensiolabs.org",
            "keywords": [
                "templating"
            ],
            "time": "2014-10-17 12:53:44"
        }
    ],
    "packages-dev": [
        {
            "name": "filp/whoops",
            "version": "1.1.3",
            "source": {
                "type": "git",
                "url": "https://github.com/filp/whoops.git",
                "reference": "a85fab9a98f1f9b8ebcdbe71733f0d910e5b9adf"
            },
            "dist": {
                "type": "zip",
                "url": "https://api.github.com/repos/filp/whoops/zipball/a85fab9a98f1f9b8ebcdbe71733f0d910e5b9adf",
                "reference": "a85fab9a98f1f9b8ebcdbe71733f0d910e5b9adf",
                "shasum": ""
            },
            "require": {
                "php": ">=5.3.0"
            },
            "require-dev": {
                "mockery/mockery": "0.9.*"
            },
            "type": "library",
            "extra": {
                "branch-alias": {
                    "dev-master": "1.2-dev"
                }
            },
            "autoload": {
                "psr-0": {
                    "Whoops": "src/"
                },
                "classmap": [
                    "src/deprecated"
                ]
            },
            "notification-url": "https://packagist.org/downloads/",
            "license": [
                "MIT"
            ],
            "authors": [
                {
                    "name": "Filipe Dobreira",
                    "homepage": "https://github.com/filp",
                    "role": "Developer"
                }
            ],
            "description": "php error handling for cool kids",
            "homepage": "https://github.com/filp/whoops",
            "keywords": [
                "error",
                "exception",
                "handling",
                "library",
                "silex-provider",
                "whoops",
                "zf2"
            ],
            "time": "2014-10-26 09:05:09"
        }
    ],
    "aliases": [],
    "minimum-stability": "stable",
    "stability-flags": {
        "radium/framework": 20,
        "radium/twig-templating": 20,
        "radium/schema-builder": 20
    },
    "prefer-stable": true,
    "platform": {
        "php": ">=5.4.0"
    },
    "platform-dev": []
}
